github.com/bokwoon95/sq v0.0.0-20220707183435-12577af666b9 h1:LT7I6PNMkBLZhlQlrOjrKSw/ADVI4MYHHmB8wHS9ewo=
github.com/bokwoon95/sq v0.0.0-20220707183435-12577af666b9/go.mod h1:35Vd+coLXFFPJHL6g+EJBLWKystTd3LBoF96ftC4ZrU=
github.com/bokwoon95/sqddl v0.0.0-20220708104103-5039c2904f0b h1:PXlgapK5Ht1vWXhWaMSCoA5whzbkkqezSFaO+9Dg1ls=
github.com/bokwoon95/sqddl v0.0.0-20220708104103-5039c2904f0b/go.mod h1:C1p/fPPcrjUjTqd7FFR2uvPuZ6KtS/8pOGYkgVEtXp8=
github.com/bokwoon95/sqddl v0.0.0-20220708111443-ded75bcccb2c h1:gl22xLYSeIRzrGjhd1N6hFtcQZS1ymHU5MxjAhPLnAI=
github.com/bokwoon95/sqddl v0.0.0-20220708111443-ded75bcccb2c/go.mod h1:C1p/fPPcrjUjTqd7FFR2uvPuZ6KtS/8pOGYkgVEtXp8=
github.com/bokwoon95/sqddl v0.0.0-20220708150816-23f66eec4b47 h1:nKu1apldL7hR1A72kqvSH9LptlSZaxCD0WQN3fqSOuo=
github.com/bokwoon95/sqddl v0.0.0-20220708150816-23f66eec4b47/go.mod h1:C1p/fPPcrjUjTqd7FFR2uvPuZ6KtS/8pOGYkgVEtXp8=
github.com/denisenkom/go-mssqldb v0.12.2 h1:1OcPn5GBIobjWNd+8yjfHNIaFX14B1pWI3F9HZy5KXw=
github.com/go-sql-driver/mysql v1.6.0 h1:BCTh4TKNUYmOmMUcQ3IipzF5prigylS7XXjEkfCHuOE=
github.com/golang-sql/civil v0.0.0-20220223132316-b832511892a9 h1:au07oEsX2xN0ktxqI+Sida1w446QrXBRJ0nee3SNZlA=
github.com/golang-sql/sqlexp v0.1.0 h1:ZCD6MBpcuOVfGVqsEmY5/4FtYiKz6tSyUv9LPEDei6A=
github.com/google/go-cmp v0.5.8 h1:e6P7q2lk1O+qJJb4BtCQXlK8vWEO8V1ZeuEdJNOqZyg=
github.com/google/uuid v1.3.0 h1:t6JiXgmwXMjEs8VusXIJk2BXHsn+wx8BZdTaoZ5fu7I=
github.com/lib/pq v1.10.6 h1:jbk+ZieJ0D7EVGJYpL9QTz7/YW6UHbmdnZWYyK5cdBs=
github.com/mattn/go-sqlite3 v1.14.13 h1:1tj15ngiFfcZzii7yd82foL+ks+ouQcj8j/TPq3fk1I=
golang.org/x/crypto v0.0.0-20220214200702-86341886e292 h1:f+lwQ+GtmgoY+A2YaQxlSOnDjXcQ7ZRLWOHbC6HtRqE=
golang.org/x/sync v0.0.0-20220601150217-0de741cfad7f h1:Ax0t5p6N38Ga0dThY21weqDEyz2oklo4IvDkpigvkD8=
golang.org/x/sync v0.0.0-20220601150217-0de741cfad7f/go.mod h1:RxMgew5VJxzue5/jJTE5uejpjVlOe/izrB70Jof72aM=
golang.org/x/sys v0.0.0-20211117180635-dee7805ff2e1 h1:kwrAHlwJ0DUBZwQ238v+Uod/3eZ8B2K5rYsUHBQvzmI=
golang.org/x/tools v0.1.11 h1:loJ25fNOEhSXfHrpoGj91eCUThwdNX6u24rO1xnNteY=
golang.org/x/tools v0.1.11/go.mod h1:SgwaegtQh8clINPpECJMqnxLv9I09HLqnW3RMqW0CA4=
